
Microsoft Visual Studio Solution File, Format Version 12.00
# Visual Studio Version 17
VisualStudioVersion = 17.4.33122.133
MinimumVisualStudioVersion = 10.0.40219.1
Project("{FAE04EC0-301F-11D3-BF4B-00C04F79EFBC}") = "StackAndQueue", "StackAndQueue.csproj", "{8DB62899-5869-4088-9DCB-F3AB106ED066}"
EndProject
Global
	GlobalSection(SolutionConfigurationPlatforms) = preSolution
		Debug|Any CPU = Debug|Any CPU
		Release|Any CPU = Release|Any CPU
	EndGlobalSection
	GlobalSection(ProjectConfigurationPlatforms) = postSolution
		{8DB62899-5869-4088-9DCB-F3AB106ED066}.Debug|Any CPU.ActiveCfg = Debug|Any CPU
		{8DB62899-5869-4088-9DCB-F3AB106ED066}.Debug|Any CPU.Build.0 = Debug|Any CPU
		{8DB62899-5869-4088-9DCB-F3AB106ED066}.Release|Any CPU.ActiveCfg = Release|Any CPU
		{8DB62899-5869-4088-9DCB-F3AB106ED066}.Release|Any CPU.Build.0 = Release|Any CPU
	EndGlobalSection
	GlobalSection(SolutionProperties) = preSolution
		HideSolutionNode = FALSE
	EndGlobalSection
	GlobalSection(ExtensibilityGlobals) = postSolution
		SolutionGuid = {51D9EA5D-FB88-47AF-83DF-651E362CA5D8}
	EndGlobalSection
EndGlobal
